hash: 67e8fecca8bc1bba6cd683b1c9f60cf0288625226004ef0cb54e04a33caf9db5
updated: 2019-02-26T20:31:25.831411888+03:00
imports:
- name: github.com/eclipse/paho.mqtt.golang
  version: cb7eb9363b4469c601b1a714447653b720e4e43a
  subpackages:
  - packets
- name: github.com/goiiot/libmqtt
  version: 6fed8272b13b92a33fa2985d01843b22aa5e32de
- name: github.com/konsorten/go-windows-terminal-sequences
  version: 5c8c8bd35d3832f5d134ae1e1e375b69a4d25242
- name: github.com/satori/go.uuid
  version: f58768cc1a7a7e77a3bd49e98cdd21419399b6a3
- name: github.com/Sirupsen/logrus
  version: 4f5fd631f16452fbd023813c1eb7dbd67130cb0c
- name: golang.org/x/crypto
  version: 7f87c0fbb88b590338857bcb720678c2583d4dea
  subpackages:
  - ssh/terminal
- name: golang.org/x/net
  version: fe579d43d83210096a79b46dcca0e3721058393a
  subpackages:
  - internal/socks
  - proxy
  - websocket
- name: golang.org/x/sys
  version: cc5685c2db1239775905f3911f0067c0fa74762f
  subpackages:
  - unix
  - windows
testImports: []
